
Microsoft Visual Studio Solution File, Format Version 12.00
# Visual Studio Version 17
VisualStudioVersion = 17.5.33414.496
MinimumVisualStudioVersion = 10.0.40219.1
Project("{8BC9CEB8-8B4A-11D0-8D11-00A0C91BC942}") = "week4", "week4\week4.vcxproj", "{A5D4E98C-C3E8-4808-A110-B0687A8A5520}"
EndProject
Global
	GlobalSection(SolutionConfigurationPlatforms) = preSolution
		Debug|x64 = Debug|x64
		Debug|x86 = Debug|x86
		Release|x64 = Release|x64
		Release|x86 = Release|x86
	EndGlobalSection
	GlobalSection(ProjectConfigurationPlatforms) = postSolution
		{A5D4E98C-C3E8-4808-A110-B0687A8A5520}.Debug|x64.ActiveCfg = Debug|x64
		{A5D4E98C-C3E8-4808-A110-B0687A8A5520}.Debug|x64.Build.0 = Debug|x64
		{A5D4E98C-C3E8-4808-A110-B0687A8A5520}.Debug|x86.ActiveCfg = Debug|Win32
		{A5D4E98C-C3E8-4808-A110-B0687A8A5520}.Debug|x86.Build.0 = Debug|Win32
		{A5D4E98C-C3E8-4808-A110-B0687A8A5520}.Release|x64.ActiveCfg = Release|x64
		{A5D4E98C-C3E8-4808-A110-B0687A8A5520}.Release|x64.Build.0 = Release|x64
		{A5D4E98C-C3E8-4808-A110-B0687A8A5520}.Release|x86.ActiveCfg = Release|Win32
		{A5D4E98C-C3E8-4808-A110-B0687A8A5520}.Release|x86.Build.0 = Release|Win32
	EndGlobalSection
	GlobalSection(SolutionProperties) = preSolution
		HideSolutionNode = FALSE
	EndGlobalSection
	GlobalSection(ExtensibilityGlobals) = postSolution
		SolutionGuid = {4DA12686-1D8F-4428-BB4E-E176BD259030}
	EndGlobalSection
EndGlobal
